Microsoft Visual Studio Solution File, Format Version 11.00
# Visual Studio 2008

Project("{8BE01367-A4D9-A532-14A0-1633BD30AB6A}") = "Multilangue", "Assembly-CSharp.csproj", "{F1C4E791-5707-D9F6-5CE3-CE891ECE5297}"
EndProject
Global
	GlobalSection(SolutionConfigurationPlatforms) = preSolution
		Debug|Any CPU = Debug|Any CPU
		Release|Any CPU = Release|Any CPU
	EndGlobalSection
	GlobalSection(ProjectConfigurationPlatforms) = postSolution
		{F1C4E791-5707-D9F6-5CE3-CE891ECE5297}.Debug|Any CPU.ActiveCfg = Debug|Any CPU
		{F1C4E791-5707-D9F6-5CE3-CE891ECE5297}.Debug|Any CPU.Build.0 = Debug|Any CPU
		{F1C4E791-5707-D9F6-5CE3-CE891ECE5297}.Release|Any CPU.ActiveCfg = Release|Any CPU
		{F1C4E791-5707-D9F6-5CE3-CE891ECE5297}.Release|Any CPU.Build.0 = Release|Any CPU
	EndGlobalSection
	GlobalSection(SolutionProperties) = preSolution
		HideSolutionNode = FALSE
	EndGlobalSection
	GlobalSection(MonoDevelopProperties) = preSolution
		StartupItem = Assembly-CSharp.csproj
	EndGlobalSection
EndGlobal
